%{
  "decimal": {:hex, :decimal, "2.0.0", "a78296e617b0f5dd4c6caf57c714431347912ffb1d0842e998e9792b5642d697", [:mix], [], "hexpm", "34666e9c55dea81013e77d9d87370fe6cb6291d1ef32f46a1600230b1d44f577"},
  "ecto": {:hex, :ecto, "3.7.2", "44c034f88e1980754983cc4400585970b4206841f6f3780967a65a9150ef09a8", [:mix], [{:decimal, "~> 1.6 or ~> 2.0", [hex: :decimal, repo: "hexpm", optional: false]}, {:jason, "~> 1.0", [hex: :jason, repo: "hexpm", optional: true]}, {:telemetry, "~> 0.4 or ~> 1.0", [hex: :telemetry, repo: "hexpm", optional: false]}], "hexpm", "a600da5772d1c31abbf06f3e4a1ffb150e74ed3e2aa92ff3cee95901657a874e"},
  "jason": {:hex, :jason, "1.3.0", "fa6b82a934feb176263ad2df0dbd91bf633d4a46ebfdffea0c8ae82953714946", [:mix], [{:decimal, "~> 1.0 or ~> 2.0", [hex: :decimal, repo: "hexpm", optional: true]}], "hexpm", "53fc1f51255390e0ec7e50f9cb41e751c260d065dcba2bf0d08dc51a4002c2ac"},
  "lake": {:hex, :lake, "0.1.2", "e50fcec0892b36e9248e83827fd4fa20a1d478c22cb7c39cb71b5eb11b7755b8", [:rebar3], [], "hexpm", "71ba587f6000436f950cd210efe6fddb46dcecfc69095cdc35bf85ae4834e554"},
  "liveness": {:hex, :liveness, "1.0.0", "6b79563a6d97b6764be4cbb6df3b667ce0de4ea5398984287b933b889114d529", [:mix], [], "hexpm", "a196030f7b0707c392fe5d3b8cd74ec161b67e0b270b3fa76abe10426e0a5040"},
  "mox": {:hex, :mox, "1.0.1", "b651bf0113265cda0ba3a827fcb691f848b683c373b77e7d7439910a8d754d6e", [:mix], [], "hexpm", "35bc0dea5499d18db4ef7fe4360067a59b06c74376eb6ab3bd67e6295b133469"},
  "telemetry": {:hex, :telemetry, "1.0.0", "0f453a102cdf13d506b7c0ab158324c337c41f1cc7548f0bc0e130bbf0ae9452", [:rebar3], [], "hexpm", "73bc09fa59b4a0284efb4624335583c528e07ec9ae76aca96ea0673850aec57a"},
  "uniq": {:hex, :uniq, "0.4.2", "edc5807b26e83f3bda6503da588b6c3ff493264e28dc0a6009737cf005d27735", [:mix], [{:ecto, "~> 3.0", [hex: :ecto, repo: "hexpm", optional: false]}], "hexpm", "0813d7a4414476ea36f44fc97bd2da02e0a713be99a3c1096bb3879cbb403a7b"},
}
